// !$*UTF8*$!
{
	archiveVersion = 1;
	classes = {
	};
	objectVersion = 55;
	objects = {

/* Begin PBXBuildFile section */
		5F85075628CECE3700BC14A9 /* ReeeedSampleApp.swift in Sources */ = {isa = PBXBuildFile; fileRef = 5F85074628CECE3600BC14A9 /* ReeeedSampleApp.swift */; };
		5F85075728CECE3700BC14A9 /* ReeeedSampleApp.swift in Sources */ = {isa = PBXBuildFile; fileRef = 5F85074628CECE3600BC14A9 /* ReeeedSampleApp.swift */; };
		5F85075828CECE3700BC14A9 /* ContentView.swift in Sources */ = {isa = PBXBuildFile; fileRef = 5F85074728CECE3600BC14A9 /* ContentView.swift */; };
		5F85075928CECE3700BC14A9 /* ContentView.swift in Sources */ = {isa = PBXBuildFile; fileRef = 5F85074728CECE3600BC14A9 /* ContentView.swift */; };
		5F85075A28CECE3700BC14A9 /* Assets.xcassets in Resources */ = {isa = PBXBuildFile; fileRef = 5F85074828CECE3700BC14A9 /* Assets.xcassets */; };
		5F85075B28CECE3700BC14A9 /* Assets.xcassets in Resources */ = {isa = PBXBuildFile; fileRef = 5F85074828CECE3700BC14A9 /* Assets.xcassets */; };
		5F85076828CED71C00BC14A9 /* Reeeed in Frameworks */ = {isa = PBXBuildFile; productRef = 5F85076728CED71C00BC14A9 /* Reeeed */; };
		5F85076A28CEDAE100BC14A9 /* Reeeed in Frameworks */ = {isa = PBXBuildFile; productRef = 5F85076928CEDAE100BC14A9 /* Reeeed */; };
/* End PBXBuildFile section */

/* Begin PBXFileReference section */
		5F85074628CECE3600BC14A9 /* ReeeedSampleApp.swift */ = {isa = PBXFileReference; lastKnownFileType = sourcecode.swift; path = ReeeedSampleApp.swift; sourceTree = "<group>"; };
		5F85074728CECE3600BC14A9 /* ContentView.swift */ = {isa = PBXFileReference; lastKnownFileType = sourcecode.swift; path = ContentView.swift; sourceTree = "<group>"; };
		5F85074828CECE3700BC14A9 /* Assets.xcassets */ = {isa = PBXFileReference; lastKnownFileType = folder.assetcatalog; path = Assets.xcassets; sourceTree = "<group>"; };
		5F85074D28CECE3700BC14A9 /* ReeeedSample.app */ = {isa = PBXFileReference; explicitFileType = wrapper.application; includeInIndex = 0; path = ReeeedSample.app; sourceTree = BUILT_PRODUCTS_DIR; };
		5F85075328CECE3700BC14A9 /* ReeeedSample.app */ = {isa = PBXFileReference; explicitFileType = wrapper.application; includeInIndex = 0; path = ReeeedSample.app; sourceTree = BUILT_PRODUCTS_DIR; };
		5F85075528CECE3700BC14A9 /* macOS.entitlements */ = {isa = PBXFileReference; lastKnownFileType = text.plist.entitlements; path = macOS.entitlements; sourceTree = "<group>"; };
		5F85076528CECE7700BC14A9 /* ReeeedSample--iOS--Info.plist */ = {isa = PBXFileReference; lastKnownFileType = text.plist; path = "ReeeedSample--iOS--Info.plist"; sourceTree = "<group>"; };
		5F93EB6728D41B4B00A8ECEE /* reeeed */ = {isa = PBXFileReference; lastKnownFileType = wrapper; name = reeeed; path = ..; sourceTree = "<group>"; };
/* End PBXFileReference section */

/* Begin PBXFrameworksBuildPhase section */
		5F85074A28CECE3700BC14A9 /* Frameworks */ = {
			isa = PBXFrameworksBuildPhase;
			buildActionMask = 2147483647;
			files = (
				5F85076828CED71C00BC14A9 /* Reeeed in Frameworks */,
			);
			runOnlyForDeploymentPostprocessing = 0;
		};
		5F85075028CECE3700BC14A9 /* Frameworks */ = {
			isa = PBXFrameworksBuildPhase;
			buildActionMask = 2147483647;
			files = (
				5F85076A28CEDAE100BC14A9 /* Reeeed in Frameworks */,
			);
			runOnlyForDeploymentPostprocessing = 0;
		};
/* End PBXFrameworksBuildPhase section */

/* Begin PBXGroup section */
		5F85074028CECE3600BC14A9 = {
			isa = PBXGroup;
			children = (
				5F93EB6628D41B4B00A8ECEE /* Packages */,
				5F85076528CECE7700BC14A9 /* ReeeedSample--iOS--Info.plist */,
				5F85074528CECE3600BC14A9 /* Shared */,
				5F85075428CECE3700BC14A9 /* macOS */,
				5F85074E28CECE3700BC14A9 /* Products */,
				5F85076628CED71C00BC14A9 /* Frameworks */,
			);
			sourceTree = "<group>";
		};
		5F85074528CECE3600BC14A9 /* Shared */ = {
			isa = PBXGroup;
			children = (
				5F85074628CECE3600BC14A9 /* ReeeedSampleApp.swift */,
				5F85074728CECE3600BC14A9 /* ContentView.swift */,
				5F85074828CECE3700BC14A9 /* Assets.xcassets */,
			);
			path = Shared;
			sourceTree = "<group>";
		};
		5F85074E28CECE3700BC14A9 /* Products */ = {
			isa = PBXGroup;
			children = (
				5F85074D28CECE3700BC14A9 /* ReeeedSample.app */,
				5F85075328CECE3700BC14A9 /* ReeeedSample.app */,
			);
			name = Products;
			sourceTree = "<group>";
		};
		5F85075428CECE3700BC14A9 /* macOS */ = {
			isa = PBXGroup;
			children = (
				5F85075528CECE3700BC14A9 /* macOS.entitlements */,
			);
			path = macOS;
			sourceTree = "<group>";
		};
		5F85076628CED71C00BC14A9 /* Frameworks */ = {
			isa = PBXGroup;
			children = (
			);
			name = Frameworks;
			sourceTree = "<group>";
		};
		5F93EB6628D41B4B00A8ECEE /* Packages */ = {
			isa = PBXGroup;
			children = (
				5F93EB6728D41B4B00A8ECEE /* reeeed */,
			);
			name = Packages;
			sourceTree = "<group>";
		};
/* End PBXGroup section */

/* Begin PBXNativeTarget section */
		5F85074C28CECE3700BC14A9 /* ReeeedSample (iOS) */ = {
			isa = PBXNativeTarget;
			buildConfigurationList = 5F85075E28CECE3700BC14A9 /* Build configuration list for PBXNativeTarget "ReeeedSample (iOS)" */;
			buildPhases = (
				5F85074928CECE3700BC14A9 /* Sources */,
				5F85074A28CECE3700BC14A9 /* Frameworks */,
				5F85074B28CECE3700BC14A9 /* Resources */,
			);
			buildRules = (
			);
			dependencies = (
			);
			name = "ReeeedSample (iOS)";
			packageProductDependencies = (
				5F85076728CED71C00BC14A9 /* Reeeed */,
			);
			productName = "ReeeedSample (iOS)";
			productReference = 5F85074D28CECE3700BC14A9 /* ReeeedSample.app */;
			productType = "com.apple.product-type.application";
		};
		5F85075228CECE3700BC14A9 /* ReeeedSample (macOS) */ = {
			isa = PBXNativeTarget;
			buildConfigurationList = 5F85076128CECE3700BC14A9 /* Build configuration list for PBXNativeTarget "ReeeedSample (macOS)" */;
			buildPhases = (
				5F85074F28CECE3700BC14A9 /* Sources */,
				5F85075028CECE3700BC14A9 /* Frameworks */,
				5F85075128CECE3700BC14A9 /* Resources */,
			);
			buildRules = (
			);
			dependencies = (
			);
			name = "ReeeedSample (macOS)";
			packageProductDependencies = (
				5F85076928CEDAE100BC14A9 /* Reeeed */,
			);
			productName = "ReeeedSample (macOS)";
			productReference = 5F85075328CECE3700BC14A9 /* ReeeedSample.app */;
			productType = "com.apple.product-type.application";
		};
/* End PBXNativeTarget section */

/* Begin PBXProject section */
		5F85074128CECE3600BC14A9 /* Project object */ = {
			isa = PBXProject;
			attributes = {
				BuildIndependentTargetsInParallel = 1;
				LastSwiftUpdateCheck = 1330;
				LastUpgradeCheck = 1330;
				TargetAttributes = {
					5F85074C28CECE3700BC14A9 = {
						CreatedOnToolsVersion = 13.3.1;
					};
					5F85075228CECE3700BC14A9 = {
						CreatedOnToolsVersion = 13.3.1;
					};
				};
			};
			buildConfigurationList = 5F85074428CECE3600BC14A9 /* Build configuration list for PBXProject "ReeeedSample" */;
			compatibilityVersion = "Xcode 13.0";
			developmentRegion = en;
			hasScannedForEncodings = 0;
			knownRegions = (
				en,
				Base,
			);
			mainGroup = 5F85074028CECE3600BC14A9;
			productRefGroup = 5F85074E28CECE3700BC14A9 /* Products */;
			projectDirPath = "";
			projectRoot = "";
			targets = (
				5F85074C28CECE3700BC14A9 /* ReeeedSample (iOS) */,
				5F85075228CECE3700BC14A9 /* ReeeedSample (macOS) */,
			);
		};
/* End PBXProject section */

/* Begin PBXResourcesBuildPhase section */
		5F85074B28CECE3700BC14A9 /* Resources */ = {
			isa = PBXResourcesBuildPhase;
			buildActionMask = 2147483647;
			files = (
				5F85075A28CECE3700BC14A9 /* Assets.xcassets in Resources */,
			);
			runOnlyForDeploymentPostprocessing = 0;
		};
		5F85075128CECE3700BC14A9 /* Resources */ = {
			isa = PBXResourcesBuildPhase;
			buildActionMask = 2147483647;
			files = (
				5F85075B28CECE3700BC14A9 /* Assets.xcassets in Resources */,
			);
			runOnlyForDeploymentPostprocessing = 0;
		};
/* End PBXResourcesBuildPhase section */

/* Begin PBXSourcesBuildPhase section */
		5F85074928CECE3700BC14A9 /* Sources */ = {
			isa = PBXSourcesBuildPhase;
			buildActionMask = 2147483647;
			files = (
				5F85075828CECE3700BC14A9 /* ContentView.swift in Sources */,
				5F85075628CECE3700BC14A9 /* ReeeedSampleApp.swift in Sources */,
			);
			runOnlyForDeploymentPostprocessing = 0;
		};
		5F85074F28CECE3700BC14A9 /* Sources */ = {
			isa = PBXSourcesBuildPhase;
			buildActionMask = 2147483647;
			files = (
				5F85075928CECE3700BC14A9 /* ContentView.swift in Sources */,
				5F85075728CECE3700BC14A9 /* ReeeedSampleApp.swift in Sources */,
			);
			runOnlyForDeploymentPostprocessing = 0;
		};
/* End PBXSourcesBuildPhase section */

/* Begin XCBuildConfiguration section */
		5F85075C28CECE3700BC14A9 /* Debug */ = {
			isa = XCBuildConfiguration;
			buildSettings = {
				ALWAYS_SEARCH_USER_PATHS = NO;
				CLANG_ANALYZER_NONNULL = YES;
				CLANG_ANALYZER_NUMBER_OBJECT_CONVERSION = YES_AGGRESSIVE;
				CLANG_CXX_LANGUAGE_STANDARD = "gnu++17";
				CLANG_ENABLE_MODULES = YES;
				CLANG_ENABLE_OBJC_ARC = YES;
				CLANG_ENABLE_OBJC_WEAK = YES;
				CLANG_WARN_BLOCK_CAPTURE_AUTORELEASING = YES;
				CLANG_WARN_BOOL_CONVERSION = YES;
				CLANG_WARN_COMMA = YES;
				CLANG_WARN_CONSTANT_CONVERSION = YES;
				CLANG_WARN_DEPRECATED_OBJC_IMPLEMENTATIONS = YES;
				CLANG_WARN_DIRECT_OBJC_ISA_USAGE = YES_ERROR;
				CLANG_WARN_DOCUMENTATION_COMMENTS = YES;
				CLANG_WARN_EMPTY_BODY = YES;
				CLANG_WARN_ENUM_CONVERSION = YES;
				CLANG_WARN_INFINITE_RECURSION = YES;
				CLANG_WARN_INT_CONVERSION = YES;
				CLANG_WARN_NON_LITERAL_NULL_CONVERSION = YES;
				CLANG_WARN_OBJC_IMPLICIT_RETAIN_SELF = YES;
				CLANG_WARN_OBJC_LITERAL_CONVERSION = YES;
				CLANG_WARN_OBJC_ROOT_CLASS = YES_ERROR;
				CLANG_WARN_QUOTED_INCLUDE_IN_FRAMEWORK_HEADER = YES;
				CLANG_WARN_RANGE_LOOP_ANALYSIS = YES;
				CLANG_WARN_STRICT_PROTOTYPES = YES;
				CLANG_WARN_SUSPICIOUS_MOVE = YES;
				CLANG_WARN_UNGUARDED_AVAILABILITY = YES_AGGRESSIVE;
				CLANG_WARN_UNREACHABLE_CODE = YES;
				CLANG_WARN__DUPLICATE_METHOD_MATCH = YES;
				COPY_PHASE_STRIP = NO;
				DEBUG_INFORMATION_FORMAT = dwarf;
				ENABLE_STRICT_OBJC_MSGSEND = YES;
				ENABLE_TESTABILITY = YES;
				GCC_C_LANGUAGE_STANDARD = gnu11;
				GCC_DYNAMIC_NO_PIC = NO;
				GCC_NO_COMMON_BLOCKS = YES;
				GCC_OPTIMIZATION_LEVEL = 0;
				GCC_PREPROCESSOR_DEFINITIONS = (
					"DEBUG=1",
					"$(inherited)",
				);
				GCC_WARN_64_TO_32_BIT_CONVERSION = YES;
				GCC_WARN_ABOUT_RETURN_TYPE = YES_ERROR;
				GCC_WARN_UNDECLARED_SELECTOR = YES;
				GCC_WARN_UNINITIALIZED_AUTOS = YES_AGGRESSIVE;
				GCC_WARN_UNUSED_FUNCTION = YES;
				GCC_WARN_UNUSED_VARIABLE = YES;
				MTL_ENABLE_DEBUG_INFO = INCLUDE_SOURCE;
				MTL_FAST_MATH = YES;
				ONLY_ACTIVE_ARCH = YES;
				SWIFT_ACTIVE_COMPILATION_CONDITIONS = DEBUG;
				SWIFT_OPTIMIZATION_LEVEL = "-Onone";
			};
			name = Debug;
		};
		5F85075D28CECE3700BC14A9 /* Release */ = {
			isa = XCBuildConfiguration;
			buildSettings = {
				ALWAYS_SEARCH_USER_PATHS = NO;
				CLANG_ANALYZER_NONNULL = YES;
				CLANG_ANALYZER_NUMBER_OBJECT_CONVERSION = YES_AGGRESSIVE;
				CLANG_CXX_LANGUAGE_STANDARD = "gnu++17";
				CLANG_ENABLE_MODULES = YES;
				CLANG_ENABLE_OBJC_ARC = YES;
				CLANG_ENABLE_OBJC_WEAK = YES;
				CLANG_WARN_BLOCK_CAPTURE_AUTORELEASING = YES;
				CLANG_WARN_BOOL_CONVERSION = YES;
				CLANG_WARN_COMMA = YES;
				CLANG_WARN_CONSTANT_CONVERSION = YES;
				CLANG_WARN_DEPRECATED_OBJC_IMPLEMENTATIONS = YES;
				CLANG_WARN_DIRECT_OBJC_ISA_USAGE = YES_ERROR;
				CLANG_WARN_DOCUMENTATION_COMMENTS = YES;
				CLANG_WARN_EMPTY_BODY = YES;
				CLANG_WARN_ENUM_CONVERSION = YES;
				CLANG_WARN_INFINITE_RECURSION = YES;
				CLANG_WARN_INT_CONVERSION = YES;
				CLANG_WARN_NON_LITERAL_NULL_CONVERSION = YES;
				CLANG_WARN_OBJC_IMPLICIT_RETAIN_SELF = YES;
				CLANG_WARN_OBJC_LITERAL_CONVERSION = YES;
				CLANG_WARN_OBJC_ROOT_CLASS = YES_ERROR;
				CLANG_WARN_QUOTED_INCLUDE_IN_FRAMEWORK_HEADER = YES;
				CLANG_WARN_RANGE_LOOP_ANALYSIS = YES;
				CLANG_WARN_STRICT_PROTOTYPES = YES;
				CLANG_WARN_SUSPICIOUS_MOVE = YES;
				CLANG_WARN_UNGUARDED_AVAILABILITY = YES_AGGRESSIVE;
				CLANG_WARN_UNREACHABLE_CODE = YES;
				CLANG_WARN__DUPLICATE_METHOD_MATCH = YES;
				COPY_PHASE_STRIP = NO;
				DEBUG_INFORMATION_FORMAT = "dwarf-with-dsym";
				ENABLE_NS_ASSERTIONS = NO;
				ENABLE_STRICT_OBJC_MSGSEND = YES;
				GCC_C_LANGUAGE_STANDARD = gnu11;
				GCC_NO_COMMON_BLOCKS = YES;
				GCC_WARN_64_TO_32_BIT_CONVERSION = YES;
				GCC_WARN_ABOUT_RETURN_TYPE = YES_ERROR;
				GCC_WARN_UNDECLARED_SELECTOR = YES;
				GCC_WARN_UNINITIALIZED_AUTOS = YES_AGGRESSIVE;
				GCC_WARN_UNUSED_FUNCTION = YES;
				GCC_WARN_UNUSED_VARIABLE = YES;
				MTL_ENABLE_DEBUG_INFO = NO;
				MTL_FAST_MATH = YES;
				SWIFT_COMPILATION_MODE = wholemodule;
				SWIFT_OPTIMIZATION_LEVEL = "-O";
			};
			name = Release;
		};
		5F85075F28CECE3700BC14A9 /* Debug */ = {
			isa = XCBuildConfiguration;
			buildSettings = {
				ASSETCATALOG_COMPILER_APPICON_NAME = AppIcon;
				ASSETCATALOG_COMPILER_GLOBAL_ACCENT_COLOR_NAME = AccentColor;
				CODE_SIGN_STYLE = Automatic;
				CURRENT_PROJECT_VERSION = 1;
				ENABLE_PREVIEWS = YES;
				GENERATE_INFOPLIST_FILE = YES;
				INFOPLIST_FILE = "ReeeedSample--iOS--Info.plist";
				INFOPLIST_KEY_UIApplicationSceneManifest_Generation = YES;
				INFOPLIST_KEY_UIApplicationSupportsIndirectInputEvents = YES;
				INFOPLIST_KEY_UILaunchScreen_Generation = YES;
				INFOPLIST_KEY_UISupportedInterfaceOrientations_iPad = "UIInterfaceOrientationPortrait UIInterfaceOrientationPortraitUpsideDown UIInterfaceOrientationLandscapeLeft UIInterfaceOrientationLandscapeRight";
				INFOPLIST_KEY_UISupportedInterfaceOrientations_iPhone = "UIInterfaceOrientationPortrait UIInterfaceOrientationLandscapeLeft UIInterfaceOrientationLandscapeRight";
				IPHONEOS_DEPLOYMENT_TARGET = 15.0;
				LD_RUNPATH_SEARCH_PATHS = (
					"$(inherited)",
					"@executable_path/Frameworks",
				);
				MARKETING_VERSION = 1.0;
				PRODUCT_BUNDLE_IDENTIFIER = com.nateparrott.ReeeedSample;
				PRODUCT_NAME = ReeeedSample;
				SDKROOT = iphoneos;
				SWIFT_EMIT_LOC_STRINGS = YES;
				SWIFT_VERSION = 5.0;
				TARGETED_DEVICE_FAMILY = "1,2";
			};
			name = Debug;
		};
		5F85076028CECE3700BC14A9 /* Release */ = {
			isa = XCBuildConfiguration;
			buildSettings = {
				ASSETCATALOG_COMPILER_APPICON_NAME = AppIcon;
				ASSETCATALOG_COMPILER_GLOBAL_ACCENT_COLOR_NAME = AccentColor;
				CODE_SIGN_STYLE = Automatic;
				CURRENT_PROJECT_VERSION = 1;
				ENABLE_PREVIEWS = YES;
				GENERATE_INFOPLIST_FILE = YES;
				INFOPLIST_FILE = "ReeeedSample--iOS--Info.plist";
				INFOPLIST_KEY_UIApplicationSceneManifest_Generation = YES;
				INFOPLIST_KEY_UIApplicationSupportsIndirectInputEvents = YES;
				INFOPLIST_KEY_UILaunchScreen_Generation = YES;
				INFOPLIST_KEY_UISupportedInterfaceOrientations_iPad = "UIInterfaceOrientationPortrait UIInterfaceOrientationPortraitUpsideDown UIInterfaceOrientationLandscapeLeft UIInterfaceOrientationLandscapeRight";
				INFOPLIST_KEY_UISupportedInterfaceOrientations_iPhone = "UIInterfaceOrientationPortrait UIInterfaceOrientationLandscapeLeft UIInterfaceOrientationLandscapeRight";
				IPHONEOS_DEPLOYMENT_TARGET = 15.0;
				LD_RUNPATH_SEARCH_PATHS = (
					"$(inherited)",
					"@executable_path/Frameworks",
				);
				MARKETING_VERSION = 1.0;
				PRODUCT_BUNDLE_IDENTIFIER = com.nateparrott.ReeeedSample;
				PRODUCT_NAME = ReeeedSample;
				SDKROOT = iphoneos;
				SWIFT_EMIT_LOC_STRINGS = YES;
				SWIFT_VERSION = 5.0;
				TARGETED_DEVICE_FAMILY = "1,2";
				VALIDATE_PRODUCT = YES;
			};
			name = Release;
		};
		5F85076228CECE3700BC14A9 /* Debug */ = {
			isa = XCBuildConfiguration;
			buildSettings = {
				ASSETCATALOG_COMPILER_APPICON_NAME = AppIcon;
				ASSETCATALOG_COMPILER_GLOBAL_ACCENT_COLOR_NAME = AccentColor;
				CODE_SIGN_ENTITLEMENTS = macOS/macOS.entitlements;
				CODE_SIGN_STYLE = Automatic;
				COMBINE_HIDPI_IMAGES = YES;
				CURRENT_PROJECT_VERSION = 1;
				ENABLE_PREVIEWS = YES;
				GENERATE_INFOPLIST_FILE = YES;
				INFOPLIST_KEY_NSHumanReadableCopyright = "";
				LD_RUNPATH_SEARCH_PATHS = (
					"$(inherited)",
					"@executable_path/../Frameworks",
				);
				MACOSX_DEPLOYMENT_TARGET = 12.3;
				MARKETING_VERSION = 1.0;
				PRODUCT_BUNDLE_IDENTIFIER = com.nateparrott.ReeeedSample;
				PRODUCT_NAME = ReeeedSample;
				SDKROOT = macosx;
				SWIFT_EMIT_LOC_STRINGS = YES;
				SWIFT_VERSION = 5.0;
			};
			name = Debug;
		};
		5F85076328CECE3700BC14A9 /* Release */ = {
			isa = XCBuildConfiguration;
			buildSettings = {
				ASSETCATALOG_COMPILER_APPICON_NAME = AppIcon;
				ASSETCATALOG_COMPILER_GLOBAL_ACCENT_COLOR_NAME = AccentColor;
				CODE_SIGN_ENTITLEMENTS = macOS/macOS.entitlements;
				CODE_SIGN_STYLE = Automatic;
				COMBINE_HIDPI_IMAGES = YES;
				CURRENT_PROJECT_VERSION = 1;
				ENABLE_PREVIEWS = YES;
				GENERATE_INFOPLIST_FILE = YES;
				INFOPLIST_KEY_NSHumanReadableCopyright = "";
				LD_RUNPATH_SEARCH_PATHS = (
					"$(inherited)",
					"@executable_path/../Frameworks",
				);
				MACOSX_DEPLOYMENT_TARGET = 12.3;
				MARKETING_VERSION = 1.0;
				PRODUCT_BUNDLE_IDENTIFIER = com.nateparrott.ReeeedSample;
				PRODUCT_NAME = ReeeedSample;
				SDKROOT = macosx;
				SWIFT_EMIT_LOC_STRINGS = YES;
				SWIFT_VERSION = 5.0;
			};
			name = Release;
		};
/* End XCBuildConfiguration section */

/* Begin XCConfigurationList section */
		5F85074428CECE3600BC14A9 /* Build configuration list for PBXProject "ReeeedSample" */ = {
			isa = XCConfigurationList;
			buildConfigurations = (
				5F85075C28CECE3700BC14A9 /* Debug */,
				5F85075D28CECE3700BC14A9 /* Release */,
			);
			defaultConfigurationIsVisible = 0;
			defaultConfigurationName = Release;
		};
		5F85075E28CECE3700BC14A9 /* Build configuration list for PBXNativeTarget "ReeeedSample (iOS)" */ = {
			isa = XCConfigurationList;
			buildConfigurations = (
				5F85075F28CECE3700BC14A9 /* Debug */,
				5F85076028CECE3700BC14A9 /* Release */,
			);
			defaultConfigurationIsVisible = 0;
			defaultConfigurationName = Release;
		};
		5F85076128CECE3700BC14A9 /* Build configuration list for PBXNativeTarget "ReeeedSample (macOS)" */ = {
			isa = XCConfigurationList;
			buildConfigurations = (
				5F85076228CECE3700BC14A9 /* Debug */,
				5F85076328CECE3700BC14A9 /* Release */,
			);
			defaultConfigurationIsVisible = 0;
			defaultConfigurationName = Release;
		};
/* End XCConfigurationList section */

/* Begin XCSwiftPackageProductDependency section */
		5F85076728CED71C00BC14A9 /* Reeeed */ = {
			isa = XCSwiftPackageProductDependency;
			productName = Reeeed;
		};
		5F85076928CEDAE100BC14A9 /* Reeeed */ = {
			isa = XCSwiftPackageProductDependency;
			productName = Reeeed;
		};
/* End XCSwiftPackageProductDependency section */
	};
	rootObject = 5F85074128CECE3600BC14A9 /* Project object */;
}
