{
  "pins" : [
    {
      "identity" : "fuzi",
      "kind" : "remoteSourceControl",
      "location" : "https://github.com/cezheng/Fuzi",
      "state" : {
        "revision" : "f08c8323da21e985f3772610753bcfc652c2103f",
        "version" : "3.1.3"
      }
    },
    {
      "identity" : "swiftsoup",
      "kind" : "remoteSourceControl",
      "location" : "https://github.com/scinfu/SwiftSoup.git",
      "state" : {
        "revision" : "6778575285177365cbad3e5b8a72f2a20583cfec",
        "version" : "2.4.3"
      }
    }
  ],
  "version" : 2
}
